
Microsoft Visual Studio Solution File, Format Version 12.00
# Visual Studio Version 17
VisualStudioVersion = 17.1.31911.260
MinimumVisualStudioVersion = 10.0.40219.1
Project("{9A19103F-16F7-4668-BE54-9A1E7A4F7556}") = "MyLittleLawyer", "MyLittleLawyer.csproj", "{A46BE6D1-241A-45D8-ADCC-DE8A64690862}"
EndProject
Project("{9A19103F-16F7-4668-BE54-9A1E7A4F7556}") = "Harbor", "..\Harbor-DUS\Harbor\Harbor.csproj", "{5F0A3298-4B93-400F-AF84-CD37D555C813}"
EndProject
Global
	GlobalSection(SolutionConfigurationPlatforms) = preSolution
		Debug|Any CPU = Debug|Any CPU
		Release|Any CPU = Release|Any CPU
	EndGlobalSection
	GlobalSection(ProjectConfigurationPlatforms) = postSolution
		{A46BE6D1-241A-45D8-ADCC-DE8A64690862}.Debug|Any CPU.ActiveCfg = Debug|Any CPU
		{A46BE6D1-241A-45D8-ADCC-DE8A64690862}.Debug|Any CPU.Build.0 = Debug|Any CPU
		{A46BE6D1-241A-45D8-ADCC-DE8A64690862}.Release|Any CPU.ActiveCfg = Release|Any CPU
		{A46BE6D1-241A-45D8-ADCC-DE8A64690862}.Release|Any CPU.Build.0 = Release|Any CPU
		{5F0A3298-4B93-400F-AF84-CD37D555C813}.Debug|Any CPU.ActiveCfg = Debug|Any CPU
		{5F0A3298-4B93-400F-AF84-CD37D555C813}.Debug|Any CPU.Build.0 = Debug|Any CPU
		{5F0A3298-4B93-400F-AF84-CD37D555C813}.Release|Any CPU.ActiveCfg = Release|Any CPU
		{5F0A3298-4B93-400F-AF84-CD37D555C813}.Release|Any CPU.Build.0 = Release|Any CPU
	EndGlobalSection
	GlobalSection(SolutionProperties) = preSolution
		HideSolutionNode = FALSE
	EndGlobalSection
	GlobalSection(ExtensibilityGlobals) = postSolution
		SolutionGuid = {4DFE7375-CE64-47DD-8C5F-C3BD7669C1A2}
	EndGlobalSection
EndGlobal
